
Microsoft Visual Studio Solution File, Format Version 12.00
# Visual Studio Version 16
VisualStudioVersion = 16.0.29411.108
MinimumVisualStudioVersion = 10.0.40219.1
Project("{8BC9CEB8-8B4A-11D0-8D11-00A0C91BC942}") = "Task06", "Task06\Task06.vcxproj", "{D2BCDAD0-2E81-4058-930F-8971BABC98D7}"
EndProject
Global
	GlobalSection(SolutionConfigurationPlatforms) = preSolution
		Debug|x64 = Debug|x64
		Release|x64 = Release|x64
	EndGlobalSection
	GlobalSection(ProjectConfigurationPlatforms) = postSolution
		{D2BCDAD0-2E81-4058-930F-8971BABC98D7}.Debug|x64.ActiveCfg = Debug|x64
		{D2BCDAD0-2E81-4058-930F-8971BABC98D7}.Debug|x64.Build.0 = Debug|x64
		{D2BCDAD0-2E81-4058-930F-8971BABC98D7}.Release|x64.ActiveCfg = Release|x64
		{D2BCDAD0-2E81-4058-930F-8971BABC98D7}.Release|x64.Build.0 = Release|x64
	EndGlobalSection
	GlobalSection(SolutionProperties) = preSolution
		HideSolutionNode = FALSE
	EndGlobalSection
	GlobalSection(ExtensibilityGlobals) = postSolution
		SolutionGuid = {1E8A9D47-3FBD-4BCD-AA80-553C2D1B98F9}
	EndGlobalSection
EndGlobal
